
Microsoft Visual Studio Solution File, Format Version 12.00
# Visual Studio Version 16
VisualStudioVersion = 16.0.33130.400
MinimumVisualStudioVersion = 10.0.40219.1
Project("{FAE04EC0-301F-11D3-BF4B-00C04F79EFBC}") = "Assignment2", "Assignment2\Assignment2.csproj", "{4F4D2309-95CC-40C1-A470-535ED1F32CDD}"
EndProject
Global
	GlobalSection(SolutionConfigurationPlatforms) = preSolution
		Debug|Any CPU = Debug|Any CPU
		Release|Any CPU = Release|Any CPU
	EndGlobalSection
	GlobalSection(ProjectConfigurationPlatforms) = postSolution
		{4F4D2309-95CC-40C1-A470-535ED1F32CDD}.Debug|Any CPU.ActiveCfg = Debug|Any CPU
		{4F4D2309-95CC-40C1-A470-535ED1F32CDD}.Debug|Any CPU.Build.0 = Debug|Any CPU
		{4F4D2309-95CC-40C1-A470-535ED1F32CDD}.Release|Any CPU.ActiveCfg = Release|Any CPU
		{4F4D2309-95CC-40C1-A470-535ED1F32CDD}.Release|Any CPU.Build.0 = Release|Any CPU
	EndGlobalSection
	GlobalSection(SolutionProperties) = preSolution
		HideSolutionNode = FALSE
	EndGlobalSection
	GlobalSection(ExtensibilityGlobals) = postSolution
		SolutionGuid = {AEBD6134-7217-4782-9BF8-A5DFA5EF2982}
	EndGlobalSection
EndGlobal
