
Microsoft Visual Studio Solution File, Format Version 12.00
# Visual Studio Version 16
VisualStudioVersion = 16.0.33130.400
MinimumVisualStudioVersion = 10.0.40219.1
Project("{FAE04EC0-301F-11D3-BF4B-00C04F79EFBC}") = "Assignment3_1", "Assignment3_1\Assignment3_1.csproj", "{683DC8E3-2EF6-4F51-91B5-08921FF192E7}"
EndProject
Global
	GlobalSection(SolutionConfigurationPlatforms) = preSolution
		Debug|Any CPU = Debug|Any CPU
		Release|Any CPU = Release|Any CPU
	EndGlobalSection
	GlobalSection(ProjectConfigurationPlatforms) = postSolution
		{683DC8E3-2EF6-4F51-91B5-08921FF192E7}.Debug|Any CPU.ActiveCfg = Debug|Any CPU
		{683DC8E3-2EF6-4F51-91B5-08921FF192E7}.Debug|Any CPU.Build.0 = Debug|Any CPU
		{683DC8E3-2EF6-4F51-91B5-08921FF192E7}.Release|Any CPU.ActiveCfg = Release|Any CPU
		{683DC8E3-2EF6-4F51-91B5-08921FF192E7}.Release|Any CPU.Build.0 = Release|Any CPU
	EndGlobalSection
	GlobalSection(SolutionProperties) = preSolution
		HideSolutionNode = FALSE
	EndGlobalSection
	GlobalSection(ExtensibilityGlobals) = postSolution
		SolutionGuid = {E6739DEA-E3CF-4A5F-B7EC-615B17DC6842}
	EndGlobalSection
EndGlobal
