
Microsoft Visual Studio Solution File, Format Version 12.00
# Visual Studio Version 16
VisualStudioVersion = 16.0.33130.400
MinimumVisualStudioVersion = 10.0.40219.1
Project("{FAE04EC0-301F-11D3-BF4B-00C04F79EFBC}") = "Assignment1_5", "Assignment1_5\Assignment1_5.csproj", "{064226E2-A3D1-43AA-81E7-882A479AD8DE}"
EndProject
Global
	GlobalSection(SolutionConfigurationPlatforms) = preSolution
		Debug|Any CPU = Debug|Any CPU
		Release|Any CPU = Release|Any CPU
	EndGlobalSection
	GlobalSection(ProjectConfigurationPlatforms) = postSolution
		{064226E2-A3D1-43AA-81E7-882A479AD8DE}.Debug|Any CPU.ActiveCfg = Debug|Any CPU
		{064226E2-A3D1-43AA-81E7-882A479AD8DE}.Debug|Any CPU.Build.0 = Debug|Any CPU
		{064226E2-A3D1-43AA-81E7-882A479AD8DE}.Release|Any CPU.ActiveCfg = Release|Any CPU
		{064226E2-A3D1-43AA-81E7-882A479AD8DE}.Release|Any CPU.Build.0 = Release|Any CPU
	EndGlobalSection
	GlobalSection(SolutionProperties) = preSolution
		HideSolutionNode = FALSE
	EndGlobalSection
	GlobalSection(ExtensibilityGlobals) = postSolution
		SolutionGuid = {989DC320-1E63-4EC2-AAA8-37C53A690BD6}
	EndGlobalSection
EndGlobal
